
Microsoft Visual Studio Solution File, Format Version 12.00
# Visual Studio Version 17
VisualStudioVersion = 17.13.35931.197 d17.13
MinimumVisualStudioVersion = 10.0.40219.1
Project("{FAE04EC0-301F-11D3-BF4B-00C04F79EFBC}") = "Git_Demo", "Git_Demo\Git_Demo.csproj", "{2294DD19-C1CD-4E43-B7B1-1CED0CC06281}"
EndProject
Global
	GlobalSection(SolutionConfigurationPlatforms) = preSolution
		Debug|Any CPU = Debug|Any CPU
		Release|Any CPU = Release|Any CPU
	EndGlobalSection
	GlobalSection(ProjectConfigurationPlatforms) = postSolution
		{2294DD19-C1CD-4E43-B7B1-1CED0CC06281}.Debug|Any CPU.ActiveCfg = Debug|Any CPU
		{2294DD19-C1CD-4E43-B7B1-1CED0CC06281}.Debug|Any CPU.Build.0 = Debug|Any CPU
		{2294DD19-C1CD-4E43-B7B1-1CED0CC06281}.Release|Any CPU.ActiveCfg = Release|Any CPU
		{2294DD19-C1CD-4E43-B7B1-1CED0CC06281}.Release|Any CPU.Build.0 = Release|Any CPU
	EndGlobalSection
	GlobalSection(SolutionProperties) = preSolution
		HideSolutionNode = FALSE
	EndGlobalSection
	GlobalSection(ExtensibilityGlobals) = postSolution
		SolutionGuid = {22B5D390-238D-4E7D-A9FF-D89E845382F8}
	EndGlobalSection
EndGlobal
